
Microsoft Visual Studio Solution File, Format Version 12.00
# Visual Studio Version 17
VisualStudioVersion = 17.5.33414.496
MinimumVisualStudioVersion = 10.0.40219.1
Project("{FAE04EC0-301F-11D3-BF4B-00C04F79EFBC}") = "DataflowExample", "DataflowExample\DataflowExample.csproj", "{7238C0D2-E822-4F39-B7BF-C4103F0EBAD2}"
EndProject
Global
	GlobalSection(SolutionConfigurationPlatforms) = preSolution
		Debug|Any CPU = Debug|Any CPU
		Release|Any CPU = Release|Any CPU
	EndGlobalSection
	GlobalSection(ProjectConfigurationPlatforms) = postSolution
		{7238C0D2-E822-4F39-B7BF-C4103F0EBAD2}.Debug|Any CPU.ActiveCfg = Debug|Any CPU
		{7238C0D2-E822-4F39-B7BF-C4103F0EBAD2}.Debug|Any CPU.Build.0 = Debug|Any CPU
		{7238C0D2-E822-4F39-B7BF-C4103F0EBAD2}.Release|Any CPU.ActiveCfg = Release|Any CPU
		{7238C0D2-E822-4F39-B7BF-C4103F0EBAD2}.Release|Any CPU.Build.0 = Release|Any CPU
	EndGlobalSection
	GlobalSection(SolutionProperties) = preSolution
		HideSolutionNode = FALSE
	EndGlobalSection
	GlobalSection(ExtensibilityGlobals) = postSolution
		SolutionGuid = {B9F72CF0-AC9F-482B-9ABB-FF9A4B5613F3}
	EndGlobalSection
EndGlobal
